
Microsoft Visual Studio Solution File, Format Version 12.00
# Visual Studio Version 16
VisualStudioVersion = 16.0.31025.194
MinimumVisualStudioVersion = 10.0.40219.1
Project("{FAE04EC0-301F-11D3-BF4B-00C04F79EFBC}") = "customerAPI", "customerAPI\customerAPI.csproj", "{4001F7CE-0680-4C10-9467-39D98CC40DE0}"
EndProject
Project("{FAE04EC0-301F-11D3-BF4B-00C04F79EFBC}") = "customerTest", "customerTest\customerTest.csproj", "{2FF49ED7-DE92-40FD-A340-8B433E63DB13}"
EndProject
Global
	GlobalSection(SolutionConfigurationPlatforms) = preSolution
		Debug|Any CPU = Debug|Any CPU
		Release|Any CPU = Release|Any CPU
	EndGlobalSection
	GlobalSection(ProjectConfigurationPlatforms) = postSolution
		{4001F7CE-0680-4C10-9467-39D98CC40DE0}.Debug|Any CPU.ActiveCfg = Debug|Any CPU
		{4001F7CE-0680-4C10-9467-39D98CC40DE0}.Debug|Any CPU.Build.0 = Debug|Any CPU
		{4001F7CE-0680-4C10-9467-39D98CC40DE0}.Release|Any CPU.ActiveCfg = Release|Any CPU
		{4001F7CE-0680-4C10-9467-39D98CC40DE0}.Release|Any CPU.Build.0 = Release|Any CPU
		{2FF49ED7-DE92-40FD-A340-8B433E63DB13}.Debug|Any CPU.ActiveCfg = Debug|Any CPU
		{2FF49ED7-DE92-40FD-A340-8B433E63DB13}.Debug|Any CPU.Build.0 = Debug|Any CPU
		{2FF49ED7-DE92-40FD-A340-8B433E63DB13}.Release|Any CPU.ActiveCfg = Release|Any CPU
		{2FF49ED7-DE92-40FD-A340-8B433E63DB13}.Release|Any CPU.Build.0 = Release|Any CPU
	EndGlobalSection
	GlobalSection(SolutionProperties) = preSolution
		HideSolutionNode = FALSE
	EndGlobalSection
	GlobalSection(ExtensibilityGlobals) = postSolution
		SolutionGuid = {3928435E-D310-4826-BFBC-5C69A8D5369F}
	EndGlobalSection
EndGlobal
